# Code generated by scarb DO NOT EDIT.
version = 1

[[package]]
name = "dojo"
version = "0.5.1"
source = "git+https://github.com/dojoengine/dojo#118ed84f7b5cb9e4e0c1963fca88b71a222ae50d"
dependencies = [
 "dojo_plugin",
]

[[package]]
name = "dojo_plugin"
version = "0.3.11"
source = "git+https://github.com/dojoengine/dojo?tag=v0.3.11#1e651b5d4d3b79b14a7d8aa29a92062fcb9e6659"

[[package]]
name = "kingdom_lord"
version = "0.5.0"
dependencies = [
 "dojo",
 "openzeppelin",
]

[[package]]
name = "openzeppelin"
version = "0.8.0"
source = "git+https://github.com/OpenZeppelin/cairo-contracts.git?tag=v0.8.0#c23e8e96de60e6e3159b1ff8591a1187269c0eb7"
