# Code generated by scarb DO NOT EDIT.
version = 1

[[package]]
name = "dojo"
version = "0.5.1"
source = "git+https://github.com/dojoengine/dojo?tag=v0.6.0-alpha.9#57fa2dccbf2c5a3c66cfd1e6b353742fcf596980"
dependencies = [
 "dojo_plugin",
]

[[package]]
name = "dojo_plugin"
version = "0.3.11"
source = "git+https://github.com/dojoengine/dojo?tag=v0.3.11#1e651b5d4d3b79b14a7d8aa29a92062fcb9e6659"

[[package]]
name = "kingdom_lord"
version = "0.5.0"
dependencies = [
 "dojo",
 "openzeppelin",
]

[[package]]
name = "openzeppelin"
version = "0.10.0"
source = "git+https://github.com/OpenZeppelin/cairo-contracts.git?tag=v0.10.0#d77082732daab2690ba50742ea41080eb23299d3"
